
Microsoft Visual Studio Solution File, Format Version 12.00
# Visual Studio Version 17
VisualStudioVersion = 17.8.34330.188
MinimumVisualStudioVersion = 10.0.40219.1
Project("{9A19103F-16F7-4668-BE54-9A1E7A4F7556}") = "BookManagerWinForm", "BookManagerWinForm\BookManagerWinForm.csproj", "{67141179-44D2-485A-AF7F-0D9315067956}"
EndProject
Project("{FAE04EC0-301F-11D3-BF4B-00C04F79EFBC}") = "DataGridViewAutoFilter", "DataGridViewAutoFilter\DataGridViewAutoFilter.csproj", "{5A4B4B14-D3B5-4D54-80EC-0877C1E6E73A}"
EndProject
Global
	GlobalSection(SolutionConfigurationPlatforms) = preSolution
		Debug|Any CPU = Debug|Any CPU
		Release|Any CPU = Release|Any CPU
	EndGlobalSection
	GlobalSection(ProjectConfigurationPlatforms) = postSolution
		{67141179-44D2-485A-AF7F-0D9315067956}.Debug|Any CPU.ActiveCfg = Debug|Any CPU
		{67141179-44D2-485A-AF7F-0D9315067956}.Debug|Any CPU.Build.0 = Debug|Any CPU
		{67141179-44D2-485A-AF7F-0D9315067956}.Release|Any CPU.ActiveCfg = Release|Any CPU
		{67141179-44D2-485A-AF7F-0D9315067956}.Release|Any CPU.Build.0 = Release|Any CPU
		{5A4B4B14-D3B5-4D54-80EC-0877C1E6E73A}.Debug|Any CPU.ActiveCfg = Debug|Any CPU
		{5A4B4B14-D3B5-4D54-80EC-0877C1E6E73A}.Debug|Any CPU.Build.0 = Debug|Any CPU
		{5A4B4B14-D3B5-4D54-80EC-0877C1E6E73A}.Release|Any CPU.ActiveCfg = Release|Any CPU
		{5A4B4B14-D3B5-4D54-80EC-0877C1E6E73A}.Release|Any CPU.Build.0 = Release|Any CPU
	EndGlobalSection
	GlobalSection(SolutionProperties) = preSolution
		HideSolutionNode = FALSE
	EndGlobalSection
	GlobalSection(ExtensibilityGlobals) = postSolution
		SolutionGuid = {903B8939-EA97-4218-BC30-F8829823E08C}
	EndGlobalSection
EndGlobal
