
Microsoft Visual Studio Solution File, Format Version 12.00
# Visual Studio Version 17
VisualStudioVersion = 17.8.34330.188
MinimumVisualStudioVersion = 10.0.40219.1
Project("{FAE04EC0-301F-11D3-BF4B-00C04F79EFBC}") = "book-manager-asp", "book-manager-asp\book-manager-asp.csproj", "{52445281-F422-40B9-A1BC-6902DBB112A8}"
EndProject
Global
	GlobalSection(SolutionConfigurationPlatforms) = preSolution
		Debug|Any CPU = Debug|Any CPU
		Release|Any CPU = Release|Any CPU
	EndGlobalSection
	GlobalSection(ProjectConfigurationPlatforms) = postSolution
		{52445281-F422-40B9-A1BC-6902DBB112A8}.Debug|Any CPU.ActiveCfg = Debug|Any CPU
		{52445281-F422-40B9-A1BC-6902DBB112A8}.Debug|Any CPU.Build.0 = Debug|Any CPU
		{52445281-F422-40B9-A1BC-6902DBB112A8}.Release|Any CPU.ActiveCfg = Release|Any CPU
		{52445281-F422-40B9-A1BC-6902DBB112A8}.Release|Any CPU.Build.0 = Release|Any CPU
	EndGlobalSection
	GlobalSection(SolutionProperties) = preSolution
		HideSolutionNode = FALSE
	EndGlobalSection
	GlobalSection(ExtensibilityGlobals) = postSolution
		SolutionGuid = {38E577F6-B45E-49F0-BFAB-55854674D247}
	EndGlobalSection
EndGlobal
